
Microsoft Visual Studio Solution File, Format Version 11.00
# Visual Studio 2010
Project("{FAE04EC0-301F-11D3-BF4B-00C04F79EFBC}") = "Snake", "Snake\Snake.csproj", "{EB544A52-3BA5-4451-B202-09E2801BEB53}"
EndProject
Global
	GlobalSection(SolutionConfigurationPlatforms) = preSolution
		Debug|x86 = Debug|x86
		Release|x86 = Release|x86
	EndGlobalSection
	GlobalSection(ProjectConfigurationPlatforms) = postSolution
		{EB544A52-3BA5-4451-B202-09E2801BEB53}.Debug|x86.ActiveCfg = Debug|x86
		{EB544A52-3BA5-4451-B202-09E2801BEB53}.Debug|x86.Build.0 = Debug|x86
		{EB544A52-3BA5-4451-B202-09E2801BEB53}.Release|x86.ActiveCfg = Release|x86
		{EB544A52-3BA5-4451-B202-09E2801BEB53}.Release|x86.Build.0 = Release|x86
	EndGlobalSection
	GlobalSection(SolutionProperties) = preSolution
		HideSolutionNode = FALSE
	EndGlobalSection
EndGlobal
