
Microsoft Visual Studio Solution File, Format Version 12.00
# Visual Studio 14
VisualStudioVersion = 14.0.25420.1
MinimumVisualStudioVersion = 10.0.40219.1
Project("{FAE04EC0-301F-11D3-BF4B-00C04F79EFBC}") = "RRHHPlanilla", "RRHHPlanilla\RRHHPlanilla.csproj", "{1B2DDB48-BB2C-43F4-A217-060381A38DE0}"
EndProject
Project("{2150E333-8FDC-42A3-9474-1A3956D46DE8}") = "Solution Items", "Solution Items", "{67DA8CDA-2B35-4C45-B6EF-35870259DD57}"
EndProject
Project("{FAE04EC0-301F-11D3-BF4B-00C04F79EFBC}") = "RRHH.BL", "RRHH.BL\RRHH.BL.csproj", "{6D077293-28F2-42F3-9D1C-B65C83E1433E}"
EndProject
Project("{FAE04EC0-301F-11D3-BF4B-00C04F79EFBC}") = "MBTI", "mbti\WindowsFormsApplication1\MBTI.csproj", "{D7E85659-EDC5-4874-9012-3CDEC7187B15}"
EndProject
Project("{FAE04EC0-301F-11D3-BF4B-00C04F79EFBC}") = "Evaluacion", "Evaluacion\Evaluacion.csproj", "{125CBD26-4025-4D3F-8EFE-93A0F2661C97}"
EndProject
Project("{FAE04EC0-301F-11D3-BF4B-00C04F79EFBC}") = "Snake", "Snake\Snake\Snake.csproj", "{EB544A52-3BA5-4451-B202-09E2801BEB53}"
EndProject
Global
	GlobalSection(SolutionConfigurationPlatforms) = preSolution
		Debug|Any CPU = Debug|Any CPU
		Debug|x86 = Debug|x86
		Release|Any CPU = Release|Any CPU
		Release|x86 = Release|x86
	EndGlobalSection
	GlobalSection(ProjectConfigurationPlatforms) = postSolution
		{1B2DDB48-BB2C-43F4-A217-060381A38DE0}.Debug|Any CPU.ActiveCfg = Debug|Any CPU
		{1B2DDB48-BB2C-43F4-A217-060381A38DE0}.Debug|Any CPU.Build.0 = Debug|Any CPU
		{1B2DDB48-BB2C-43F4-A217-060381A38DE0}.Debug|x86.ActiveCfg = Debug|Any CPU
		{1B2DDB48-BB2C-43F4-A217-060381A38DE0}.Debug|x86.Build.0 = Debug|Any CPU
		{1B2DDB48-BB2C-43F4-A217-060381A38DE0}.Release|Any CPU.ActiveCfg = Release|Any CPU
		{1B2DDB48-BB2C-43F4-A217-060381A38DE0}.Release|Any CPU.Build.0 = Release|Any CPU
		{1B2DDB48-BB2C-43F4-A217-060381A38DE0}.Release|x86.ActiveCfg = Release|Any CPU
		{1B2DDB48-BB2C-43F4-A217-060381A38DE0}.Release|x86.Build.0 = Release|Any CPU
		{6D077293-28F2-42F3-9D1C-B65C83E1433E}.Debug|Any CPU.ActiveCfg = Debug|Any CPU
		{6D077293-28F2-42F3-9D1C-B65C83E1433E}.Debug|Any CPU.Build.0 = Debug|Any CPU
		{6D077293-28F2-42F3-9D1C-B65C83E1433E}.Debug|x86.ActiveCfg = Debug|Any CPU
		{6D077293-28F2-42F3-9D1C-B65C83E1433E}.Debug|x86.Build.0 = Debug|Any CPU
		{6D077293-28F2-42F3-9D1C-B65C83E1433E}.Release|Any CPU.ActiveCfg = Release|Any CPU
		{6D077293-28F2-42F3-9D1C-B65C83E1433E}.Release|Any CPU.Build.0 = Release|Any CPU
		{6D077293-28F2-42F3-9D1C-B65C83E1433E}.Release|x86.ActiveCfg = Release|Any CPU
		{6D077293-28F2-42F3-9D1C-B65C83E1433E}.Release|x86.Build.0 = Release|Any CPU
		{D7E85659-EDC5-4874-9012-3CDEC7187B15}.Debug|Any CPU.ActiveCfg = Debug|Any CPU
		{D7E85659-EDC5-4874-9012-3CDEC7187B15}.Debug|Any CPU.Build.0 = Debug|Any CPU
		{D7E85659-EDC5-4874-9012-3CDEC7187B15}.Debug|x86.ActiveCfg = Debug|Any CPU
		{D7E85659-EDC5-4874-9012-3CDEC7187B15}.Debug|x86.Build.0 = Debug|Any CPU
		{D7E85659-EDC5-4874-9012-3CDEC7187B15}.Release|Any CPU.ActiveCfg = Release|Any CPU
		{D7E85659-EDC5-4874-9012-3CDEC7187B15}.Release|Any CPU.Build.0 = Release|Any CPU
		{D7E85659-EDC5-4874-9012-3CDEC7187B15}.Release|x86.ActiveCfg = Release|Any CPU
		{D7E85659-EDC5-4874-9012-3CDEC7187B15}.Release|x86.Build.0 = Release|Any CPU
		{125CBD26-4025-4D3F-8EFE-93A0F2661C97}.Debug|Any CPU.ActiveCfg = Debug|Any CPU
		{125CBD26-4025-4D3F-8EFE-93A0F2661C97}.Debug|Any CPU.Build.0 = Debug|Any CPU
		{125CBD26-4025-4D3F-8EFE-93A0F2661C97}.Debug|x86.ActiveCfg = Debug|Any CPU
		{125CBD26-4025-4D3F-8EFE-93A0F2661C97}.Debug|x86.Build.0 = Debug|Any CPU
		{125CBD26-4025-4D3F-8EFE-93A0F2661C97}.Release|Any CPU.ActiveCfg = Release|Any CPU
		{125CBD26-4025-4D3F-8EFE-93A0F2661C97}.Release|Any CPU.Build.0 = Release|Any CPU
		{125CBD26-4025-4D3F-8EFE-93A0F2661C97}.Release|x86.ActiveCfg = Release|Any CPU
		{125CBD26-4025-4D3F-8EFE-93A0F2661C97}.Release|x86.Build.0 = Release|Any CPU
		{EB544A52-3BA5-4451-B202-09E2801BEB53}.Debug|Any CPU.ActiveCfg = Debug|x86
		{EB544A52-3BA5-4451-B202-09E2801BEB53}.Debug|x86.ActiveCfg = Debug|x86
		{EB544A52-3BA5-4451-B202-09E2801BEB53}.Debug|x86.Build.0 = Debug|x86
		{EB544A52-3BA5-4451-B202-09E2801BEB53}.Release|Any CPU.ActiveCfg = Release|x86
		{EB544A52-3BA5-4451-B202-09E2801BEB53}.Release|x86.ActiveCfg = Release|x86
		{EB544A52-3BA5-4451-B202-09E2801BEB53}.Release|x86.Build.0 = Release|x86
	EndGlobalSection
	GlobalSection(SolutionProperties) = preSolution
		HideSolutionNode = FALSE
	EndGlobalSection
EndGlobal
